
Microsoft Visual Studio Solution File, Format Version 12.00
# Visual Studio Version 17
VisualStudioVersion = 17.11.35222.181
MinimumVisualStudioVersion = 10.0.40219.1
Project("{2150E333-8FDC-42A3-9474-1A3956D46DE8}") = "ApiGateway", "ApiGateway", "{66286ECB-889C-4F7F-956A-A8FA8377C3E9}"
EndProject
Project("{2150E333-8FDC-42A3-9474-1A3956D46DE8}") = "Services", "Services", "{1BCF8F43-5A9E-4705-96D8-70D0BF9E18FB}"
EndProject
Project("{2150E333-8FDC-42A3-9474-1A3956D46DE8}") = "Shared", "Shared", "{6F152BE8-76B4-4728-921A-F686EB02F852}"
EndProject
Project("{9A19103F-16F7-4668-BE54-9A1E7A4F7556}") = "Mantel.Common.Data", "Mantel.Common.Data\Mantel.Common.Data.csproj", "{AD907CFA-22FB-4B87-950B-26AB6530B46C}"
EndProject
Project("{2150E333-8FDC-42A3-9474-1A3956D46DE8}") = "Student-svc", "Student-svc", "{63349C8E-5772-42D4-95FA-7A96181AA0D7}"
EndProject
Project("{9A19103F-16F7-4668-BE54-9A1E7A4F7556}") = "Mantel.Student-Service.API", "Mantel.Student-Service.API\Mantel.Student-Service.API.csproj", "{E3F8C660-0AFB-4A20-8A15-DE43A1E1C5F7}"
EndProject
Project("{9A19103F-16F7-4668-BE54-9A1E7A4F7556}") = "Mantel.Student-Service.Application", "Mantel.Student-Service.Application\Mantel.Student-Service.Application.csproj", "{9C93778E-86CB-47C3-88B6-9493FBF977FC}"
EndProject
Project("{9A19103F-16F7-4668-BE54-9A1E7A4F7556}") = "Mantel.Student-Service.Domain", "Mantel.Student-Service.Domain\Mantel.Student-Service.Domain.csproj", "{43C6A84C-0EEE-4409-8DCC-E130CB5F3124}"
EndProject
Project("{9A19103F-16F7-4668-BE54-9A1E7A4F7556}") = "Mantel.Student-Service.Infrastructure", "Mantel.Student-Service.Infrastructure\Mantel.Student-Service.Infrastructure.csproj", "{485BF553-E517-4F7A-B117-571D25123FF4}"
EndProject
Project("{2150E333-8FDC-42A3-9474-1A3956D46DE8}") = "Course-svc", "Course-svc", "{FB37122C-EF59-4A51-902C-C69A1F349DC2}"
EndProject
Project("{9A19103F-16F7-4668-BE54-9A1E7A4F7556}") = "Mantel.Course-Service.API", "Mantel.Course-Service.API\Mantel.Course-Service.API.csproj", "{CE208B89-6B45-43AA-BFC0-F7825D12DCB5}"
EndProject
Project("{9A19103F-16F7-4668-BE54-9A1E7A4F7556}") = "Mantel.Course-Service.Application", "Mantel.Course-Service.Application\Mantel.Course-Service.Application.csproj", "{CA1873DA-FC5F-4C01-AA21-CF13CB0A6FE9}"
EndProject
Project("{9A19103F-16F7-4668-BE54-9A1E7A4F7556}") = "Mantel.Course-Service.Domain", "Mantel.Course-Service.Domain\Mantel.Course-Service.Domain.csproj", "{7C52B74A-39BF-4CDC-8814-ADD29F079EAB}"
EndProject
Project("{9A19103F-16F7-4668-BE54-9A1E7A4F7556}") = "Mantel.Course-Service.Infrastructure", "Mantel.Course-Service.Infrastructure\Mantel.Course-Service.Infrastructure.csproj", "{0E17E2CF-62C8-48E5-825F-C0C3B6B7F70A}"
EndProject
Project("{2150E333-8FDC-42A3-9474-1A3956D46DE8}") = "Grade-svc", "Grade-svc", "{54E5091C-43DB-4E5A-B56C-12DCD6A7C9B0}"
EndProject
Project("{9A19103F-16F7-4668-BE54-9A1E7A4F7556}") = "Mantel.Grade-Service.API", "Mantel.Grade-Service.API\Mantel.Grade-Service.API.csproj", "{AECB842C-4F31-4FAC-B649-BF6DA9234E54}"
EndProject
Project("{9A19103F-16F7-4668-BE54-9A1E7A4F7556}") = "Mantel.Grade-Service.Application", "Mantel.Grade-Service.Application\Mantel.Grade-Service.Application.csproj", "{AB8BED0D-86C5-4F8F-8372-EFDF8CB7CC3C}"
EndProject
Project("{9A19103F-16F7-4668-BE54-9A1E7A4F7556}") = "Mantel.Grade-Service.Domain", "Mantel.Grade-Service.Domain\Mantel.Grade-Service.Domain.csproj", "{0AEE8E2F-0E67-4CE9-83EF-2ED878D43EB4}"
EndProject
Project("{9A19103F-16F7-4668-BE54-9A1E7A4F7556}") = "Mantel.Grade-Service.Infrastructure", "Mantel.Grade-Service.Infrastructure\Mantel.Grade-Service.Infrastructure.csproj", "{F61E7A1D-AC4F-431B-9832-66E1B0C948E6}"
EndProject
Project("{9A19103F-16F7-4668-BE54-9A1E7A4F7556}") = "Mantel.Common", "Mantel.Common\Mantel.Common.csproj", "{65C418A4-760D-40AD-9B3E-01FAF31EE07F}"
EndProject
Project("{9A19103F-16F7-4668-BE54-9A1E7A4F7556}") = "Mantel.Common.Http", "Mantel.Common.Http\Mantel.Common.Http.csproj", "{B964E75A-BBAB-4BA6-A979-C7E7B01F77F7}"
EndProject
Project("{FAE04EC0-301F-11D3-BF4B-00C04F79EFBC}") = "Mantel.YarpApiGateway", "Mantel.YarpApiGateway\Mantel.YarpApiGateway.csproj", "{CEB35A9B-2B4F-445D-A483-588D0AB959DC}"
EndProject
Global
	GlobalSection(SolutionConfigurationPlatforms) = preSolution
		Debug|Any CPU = Debug|Any CPU
		Release|Any CPU = Release|Any CPU
	EndGlobalSection
	GlobalSection(ProjectConfigurationPlatforms) = postSolution
		{AD907CFA-22FB-4B87-950B-26AB6530B46C}.Debug|Any CPU.ActiveCfg = Debug|Any CPU
		{AD907CFA-22FB-4B87-950B-26AB6530B46C}.Debug|Any CPU.Build.0 = Debug|Any CPU
		{AD907CFA-22FB-4B87-950B-26AB6530B46C}.Release|Any CPU.ActiveCfg = Release|Any CPU
		{AD907CFA-22FB-4B87-950B-26AB6530B46C}.Release|Any CPU.Build.0 = Release|Any CPU
		{E3F8C660-0AFB-4A20-8A15-DE43A1E1C5F7}.Debug|Any CPU.ActiveCfg = Debug|Any CPU
		{E3F8C660-0AFB-4A20-8A15-DE43A1E1C5F7}.Debug|Any CPU.Build.0 = Debug|Any CPU
		{E3F8C660-0AFB-4A20-8A15-DE43A1E1C5F7}.Release|Any CPU.ActiveCfg = Release|Any CPU
		{E3F8C660-0AFB-4A20-8A15-DE43A1E1C5F7}.Release|Any CPU.Build.0 = Release|Any CPU
		{9C93778E-86CB-47C3-88B6-9493FBF977FC}.Debug|Any CPU.ActiveCfg = Debug|Any CPU
		{9C93778E-86CB-47C3-88B6-9493FBF977FC}.Debug|Any CPU.Build.0 = Debug|Any CPU
		{9C93778E-86CB-47C3-88B6-9493FBF977FC}.Release|Any CPU.ActiveCfg = Release|Any CPU
		{9C93778E-86CB-47C3-88B6-9493FBF977FC}.Release|Any CPU.Build.0 = Release|Any CPU
		{43C6A84C-0EEE-4409-8DCC-E130CB5F3124}.Debug|Any CPU.ActiveCfg = Debug|Any CPU
		{43C6A84C-0EEE-4409-8DCC-E130CB5F3124}.Debug|Any CPU.Build.0 = Debug|Any CPU
		{43C6A84C-0EEE-4409-8DCC-E130CB5F3124}.Release|Any CPU.ActiveCfg = Release|Any CPU
		{43C6A84C-0EEE-4409-8DCC-E130CB5F3124}.Release|Any CPU.Build.0 = Release|Any CPU
		{485BF553-E517-4F7A-B117-571D25123FF4}.Debug|Any CPU.ActiveCfg = Debug|Any CPU
		{485BF553-E517-4F7A-B117-571D25123FF4}.Debug|Any CPU.Build.0 = Debug|Any CPU
		{485BF553-E517-4F7A-B117-571D25123FF4}.Release|Any CPU.ActiveCfg = Release|Any CPU
		{485BF553-E517-4F7A-B117-571D25123FF4}.Release|Any CPU.Build.0 = Release|Any CPU
		{CE208B89-6B45-43AA-BFC0-F7825D12DCB5}.Debug|Any CPU.ActiveCfg = Debug|Any CPU
		{CE208B89-6B45-43AA-BFC0-F7825D12DCB5}.Debug|Any CPU.Build.0 = Debug|Any CPU
		{CE208B89-6B45-43AA-BFC0-F7825D12DCB5}.Release|Any CPU.ActiveCfg = Release|Any CPU
		{CE208B89-6B45-43AA-BFC0-F7825D12DCB5}.Release|Any CPU.Build.0 = Release|Any CPU
		{CA1873DA-FC5F-4C01-AA21-CF13CB0A6FE9}.Debug|Any CPU.ActiveCfg = Debug|Any CPU
		{CA1873DA-FC5F-4C01-AA21-CF13CB0A6FE9}.Debug|Any CPU.Build.0 = Debug|Any CPU
		{CA1873DA-FC5F-4C01-AA21-CF13CB0A6FE9}.Release|Any CPU.ActiveCfg = Release|Any CPU
		{CA1873DA-FC5F-4C01-AA21-CF13CB0A6FE9}.Release|Any CPU.Build.0 = Release|Any CPU
		{7C52B74A-39BF-4CDC-8814-ADD29F079EAB}.Debug|Any CPU.ActiveCfg = Debug|Any CPU
		{7C52B74A-39BF-4CDC-8814-ADD29F079EAB}.Debug|Any CPU.Build.0 = Debug|Any CPU
		{7C52B74A-39BF-4CDC-8814-ADD29F079EAB}.Release|Any CPU.ActiveCfg = Release|Any CPU
		{7C52B74A-39BF-4CDC-8814-ADD29F079EAB}.Release|Any CPU.Build.0 = Release|Any CPU
		{0E17E2CF-62C8-48E5-825F-C0C3B6B7F70A}.Debug|Any CPU.ActiveCfg = Debug|Any CPU
		{0E17E2CF-62C8-48E5-825F-C0C3B6B7F70A}.Debug|Any CPU.Build.0 = Debug|Any CPU
		{0E17E2CF-62C8-48E5-825F-C0C3B6B7F70A}.Release|Any CPU.ActiveCfg = Release|Any CPU
		{0E17E2CF-62C8-48E5-825F-C0C3B6B7F70A}.Release|Any CPU.Build.0 = Release|Any CPU
		{AECB842C-4F31-4FAC-B649-BF6DA9234E54}.Debug|Any CPU.ActiveCfg = Debug|Any CPU
		{AECB842C-4F31-4FAC-B649-BF6DA9234E54}.Debug|Any CPU.Build.0 = Debug|Any CPU
		{AECB842C-4F31-4FAC-B649-BF6DA9234E54}.Release|Any CPU.ActiveCfg = Release|Any CPU
		{AECB842C-4F31-4FAC-B649-BF6DA9234E54}.Release|Any CPU.Build.0 = Release|Any CPU
		{AB8BED0D-86C5-4F8F-8372-EFDF8CB7CC3C}.Debug|Any CPU.ActiveCfg = Debug|Any CPU
		{AB8BED0D-86C5-4F8F-8372-EFDF8CB7CC3C}.Debug|Any CPU.Build.0 = Debug|Any CPU
		{AB8BED0D-86C5-4F8F-8372-EFDF8CB7CC3C}.Release|Any CPU.ActiveCfg = Release|Any CPU
		{AB8BED0D-86C5-4F8F-8372-EFDF8CB7CC3C}.Release|Any CPU.Build.0 = Release|Any CPU
		{0AEE8E2F-0E67-4CE9-83EF-2ED878D43EB4}.Debug|Any CPU.ActiveCfg = Debug|Any CPU
		{0AEE8E2F-0E67-4CE9-83EF-2ED878D43EB4}.Debug|Any CPU.Build.0 = Debug|Any CPU
		{0AEE8E2F-0E67-4CE9-83EF-2ED878D43EB4}.Release|Any CPU.ActiveCfg = Release|Any CPU
		{0AEE8E2F-0E67-4CE9-83EF-2ED878D43EB4}.Release|Any CPU.Build.0 = Release|Any CPU
		{F61E7A1D-AC4F-431B-9832-66E1B0C948E6}.Debug|Any CPU.ActiveCfg = Debug|Any CPU
		{F61E7A1D-AC4F-431B-9832-66E1B0C948E6}.Debug|Any CPU.Build.0 = Debug|Any CPU
		{F61E7A1D-AC4F-431B-9832-66E1B0C948E6}.Release|Any CPU.ActiveCfg = Release|Any CPU
		{F61E7A1D-AC4F-431B-9832-66E1B0C948E6}.Release|Any CPU.Build.0 = Release|Any CPU
		{65C418A4-760D-40AD-9B3E-01FAF31EE07F}.Debug|Any CPU.ActiveCfg = Debug|Any CPU
		{65C418A4-760D-40AD-9B3E-01FAF31EE07F}.Debug|Any CPU.Build.0 = Debug|Any CPU
		{65C418A4-760D-40AD-9B3E-01FAF31EE07F}.Release|Any CPU.ActiveCfg = Release|Any CPU
		{65C418A4-760D-40AD-9B3E-01FAF31EE07F}.Release|Any CPU.Build.0 = Release|Any CPU
		{B964E75A-BBAB-4BA6-A979-C7E7B01F77F7}.Debug|Any CPU.ActiveCfg = Debug|Any CPU
		{B964E75A-BBAB-4BA6-A979-C7E7B01F77F7}.Debug|Any CPU.Build.0 = Debug|Any CPU
		{B964E75A-BBAB-4BA6-A979-C7E7B01F77F7}.Release|Any CPU.ActiveCfg = Release|Any CPU
		{B964E75A-BBAB-4BA6-A979-C7E7B01F77F7}.Release|Any CPU.Build.0 = Release|Any CPU
		{CEB35A9B-2B4F-445D-A483-588D0AB959DC}.Debug|Any CPU.ActiveCfg = Debug|Any CPU
		{CEB35A9B-2B4F-445D-A483-588D0AB959DC}.Debug|Any CPU.Build.0 = Debug|Any CPU
		{CEB35A9B-2B4F-445D-A483-588D0AB959DC}.Release|Any CPU.ActiveCfg = Release|Any CPU
		{CEB35A9B-2B4F-445D-A483-588D0AB959DC}.Release|Any CPU.Build.0 = Release|Any CPU
	EndGlobalSection
	GlobalSection(SolutionProperties) = preSolution
		HideSolutionNode = FALSE
	EndGlobalSection
	GlobalSection(NestedProjects) = preSolution
		{AD907CFA-22FB-4B87-950B-26AB6530B46C} = {6F152BE8-76B4-4728-921A-F686EB02F852}
		{63349C8E-5772-42D4-95FA-7A96181AA0D7} = {1BCF8F43-5A9E-4705-96D8-70D0BF9E18FB}
		{E3F8C660-0AFB-4A20-8A15-DE43A1E1C5F7} = {63349C8E-5772-42D4-95FA-7A96181AA0D7}
		{9C93778E-86CB-47C3-88B6-9493FBF977FC} = {63349C8E-5772-42D4-95FA-7A96181AA0D7}
		{43C6A84C-0EEE-4409-8DCC-E130CB5F3124} = {63349C8E-5772-42D4-95FA-7A96181AA0D7}
		{485BF553-E517-4F7A-B117-571D25123FF4} = {63349C8E-5772-42D4-95FA-7A96181AA0D7}
		{FB37122C-EF59-4A51-902C-C69A1F349DC2} = {1BCF8F43-5A9E-4705-96D8-70D0BF9E18FB}
		{CE208B89-6B45-43AA-BFC0-F7825D12DCB5} = {FB37122C-EF59-4A51-902C-C69A1F349DC2}
		{CA1873DA-FC5F-4C01-AA21-CF13CB0A6FE9} = {FB37122C-EF59-4A51-902C-C69A1F349DC2}
		{7C52B74A-39BF-4CDC-8814-ADD29F079EAB} = {FB37122C-EF59-4A51-902C-C69A1F349DC2}
		{0E17E2CF-62C8-48E5-825F-C0C3B6B7F70A} = {FB37122C-EF59-4A51-902C-C69A1F349DC2}
		{54E5091C-43DB-4E5A-B56C-12DCD6A7C9B0} = {1BCF8F43-5A9E-4705-96D8-70D0BF9E18FB}
		{AECB842C-4F31-4FAC-B649-BF6DA9234E54} = {54E5091C-43DB-4E5A-B56C-12DCD6A7C9B0}
		{AB8BED0D-86C5-4F8F-8372-EFDF8CB7CC3C} = {54E5091C-43DB-4E5A-B56C-12DCD6A7C9B0}
		{0AEE8E2F-0E67-4CE9-83EF-2ED878D43EB4} = {54E5091C-43DB-4E5A-B56C-12DCD6A7C9B0}
		{F61E7A1D-AC4F-431B-9832-66E1B0C948E6} = {54E5091C-43DB-4E5A-B56C-12DCD6A7C9B0}
		{65C418A4-760D-40AD-9B3E-01FAF31EE07F} = {6F152BE8-76B4-4728-921A-F686EB02F852}
		{B964E75A-BBAB-4BA6-A979-C7E7B01F77F7} = {6F152BE8-76B4-4728-921A-F686EB02F852}
		{CEB35A9B-2B4F-445D-A483-588D0AB959DC} = {66286ECB-889C-4F7F-956A-A8FA8377C3E9}
	EndGlobalSection
	GlobalSection(ExtensibilityGlobals) = postSolution
		SolutionGuid = {F4602859-991B-4042-9F4B-D67A86714DD2}
	EndGlobalSection
EndGlobal
